
Microsoft Visual Studio Solution File, Format Version 12.00
# Visual Studio 15
VisualStudioVersion = 15.0.27703.2026
MinimumVisualStudioVersion = 10.0.40219.1
Project("{FAE04EC0-301F-11D3-BF4B-00C04F79EFBC}") = "BinarySearchTree", "BinarySearchTree\BinarySearchTree.csproj", "{4814EC2A-B8F3-4204-A3F8-ADEDE5E2A05F}"
EndProject
Project("{FAE04EC0-301F-11D3-BF4B-00C04F79EFBC}") = "BinarySearchTree.Test", "BinarySearchTree.Test\BinarySearchTree.Test.csproj", "{9F715475-8D5B-4E34-9D9B-B0ADF20EC5CD}"
EndProject
Global
	GlobalSection(SolutionConfigurationPlatforms) = preSolution
		Debug|Any CPU = Debug|Any CPU
		Release|Any CPU = Release|Any CPU
	EndGlobalSection
	GlobalSection(ProjectConfigurationPlatforms) = postSolution
		{4814EC2A-B8F3-4204-A3F8-ADEDE5E2A05F}.Debug|Any CPU.ActiveCfg = Debug|Any CPU
		{4814EC2A-B8F3-4204-A3F8-ADEDE5E2A05F}.Debug|Any CPU.Build.0 = Debug|Any CPU
		{4814EC2A-B8F3-4204-A3F8-ADEDE5E2A05F}.Release|Any CPU.ActiveCfg = Release|Any CPU
		{4814EC2A-B8F3-4204-A3F8-ADEDE5E2A05F}.Release|Any CPU.Build.0 = Release|Any CPU
		{9F715475-8D5B-4E34-9D9B-B0ADF20EC5CD}.Debug|Any CPU.ActiveCfg = Debug|Any CPU
		{9F715475-8D5B-4E34-9D9B-B0ADF20EC5CD}.Debug|Any CPU.Build.0 = Debug|Any CPU
		{9F715475-8D5B-4E34-9D9B-B0ADF20EC5CD}.Release|Any CPU.ActiveCfg = Release|Any CPU
		{9F715475-8D5B-4E34-9D9B-B0ADF20EC5CD}.Release|Any CPU.Build.0 = Release|Any CPU
	EndGlobalSection
	GlobalSection(SolutionProperties) = preSolution
		HideSolutionNode = FALSE
	EndGlobalSection
	GlobalSection(ExtensibilityGlobals) = postSolution
		SolutionGuid = {8D4803F1-C215-4E56-B8E6-B13984FB9289}
	EndGlobalSection
EndGlobal
