
Microsoft Visual Studio Solution File, Format Version 12.00
# Visual Studio 15
VisualStudioVersion = 15.0.27703.2026
MinimumVisualStudioVersion = 10.0.40219.1
Project("{FAE04EC0-301F-11D3-BF4B-00C04F79EFBC}") = "Queue", "Queue\Queue.csproj", "{72C8D6AF-8EF2-487A-81C8-72A67AA6D084}"
EndProject
Project("{FAE04EC0-301F-11D3-BF4B-00C04F79EFBC}") = "Queue.Test", "Queue.Test\Queue.Test.csproj", "{5E24C026-C0D9-4002-A861-DAEB770565A0}"
EndProject
Project("{2150E333-8FDC-42A3-9474-1A3956D46DE8}") = "CustomTypes", "CustomTypes", "{FA5B685B-2890-452B-B96D-FBCF60883CE4}"
EndProject
Project("{FAE04EC0-301F-11D3-BF4B-00C04F79EFBC}") = "CustomTypes", "CustomTypes\CustomTypes.csproj", "{6E58E015-7363-41C5-8B4F-1439E7914B62}"
EndProject
Global
	GlobalSection(SolutionConfigurationPlatforms) = preSolution
		Debug|Any CPU = Debug|Any CPU
		Release|Any CPU = Release|Any CPU
	EndGlobalSection
	GlobalSection(ProjectConfigurationPlatforms) = postSolution
		{72C8D6AF-8EF2-487A-81C8-72A67AA6D084}.Debug|Any CPU.ActiveCfg = Debug|Any CPU
		{72C8D6AF-8EF2-487A-81C8-72A67AA6D084}.Debug|Any CPU.Build.0 = Debug|Any CPU
		{72C8D6AF-8EF2-487A-81C8-72A67AA6D084}.Release|Any CPU.ActiveCfg = Release|Any CPU
		{72C8D6AF-8EF2-487A-81C8-72A67AA6D084}.Release|Any CPU.Build.0 = Release|Any CPU
		{5E24C026-C0D9-4002-A861-DAEB770565A0}.Debug|Any CPU.ActiveCfg = Debug|Any CPU
		{5E24C026-C0D9-4002-A861-DAEB770565A0}.Debug|Any CPU.Build.0 = Debug|Any CPU
		{5E24C026-C0D9-4002-A861-DAEB770565A0}.Release|Any CPU.ActiveCfg = Release|Any CPU
		{5E24C026-C0D9-4002-A861-DAEB770565A0}.Release|Any CPU.Build.0 = Release|Any CPU
		{6E58E015-7363-41C5-8B4F-1439E7914B62}.Debug|Any CPU.ActiveCfg = Debug|Any CPU
		{6E58E015-7363-41C5-8B4F-1439E7914B62}.Debug|Any CPU.Build.0 = Debug|Any CPU
		{6E58E015-7363-41C5-8B4F-1439E7914B62}.Release|Any CPU.ActiveCfg = Release|Any CPU
		{6E58E015-7363-41C5-8B4F-1439E7914B62}.Release|Any CPU.Build.0 = Release|Any CPU
	EndGlobalSection
	GlobalSection(SolutionProperties) = preSolution
		HideSolutionNode = FALSE
	EndGlobalSection
	GlobalSection(NestedProjects) = preSolution
		{6E58E015-7363-41C5-8B4F-1439E7914B62} = {FA5B685B-2890-452B-B96D-FBCF60883CE4}
	EndGlobalSection
	GlobalSection(ExtensibilityGlobals) = postSolution
		SolutionGuid = {C2872D5E-3CE6-4759-8F9C-A87590220856}
	EndGlobalSection
EndGlobal
