
Microsoft Visual Studio Solution File, Format Version 12.00
# Visual Studio 15
VisualStudioVersion = 15.0.27703.2026
MinimumVisualStudioVersion = 10.0.40219.1
Project("{9A19103F-16F7-4668-BE54-9A1E7A4F7556}") = "Root", "Root\Root.csproj", "{407CB710-4BD2-4033-846C-0E6AF9985056}"
EndProject
Project("{FAE04EC0-301F-11D3-BF4B-00C04F79EFBC}") = "Root.Test", "Root.Test\Root.Test.csproj", "{F529CCA9-6D0A-445D-85F7-D63A18D142CA}"
EndProject
Project("{FAE04EC0-301F-11D3-BF4B-00C04F79EFBC}") = "Root.NUnitTests", "Root.NUnitTests\Root.NUnitTests.csproj", "{A1A73817-A99B-4134-9958-72D00760B67A}"
EndProject
Global
	GlobalSection(SolutionConfigurationPlatforms) = preSolution
		Debug|Any CPU = Debug|Any CPU
		Release|Any CPU = Release|Any CPU
	EndGlobalSection
	GlobalSection(ProjectConfigurationPlatforms) = postSolution
		{407CB710-4BD2-4033-846C-0E6AF9985056}.Debug|Any CPU.ActiveCfg = Debug|Any CPU
		{407CB710-4BD2-4033-846C-0E6AF9985056}.Debug|Any CPU.Build.0 = Debug|Any CPU
		{407CB710-4BD2-4033-846C-0E6AF9985056}.Release|Any CPU.ActiveCfg = Release|Any CPU
		{407CB710-4BD2-4033-846C-0E6AF9985056}.Release|Any CPU.Build.0 = Release|Any CPU
		{F529CCA9-6D0A-445D-85F7-D63A18D142CA}.Debug|Any CPU.ActiveCfg = Debug|Any CPU
		{F529CCA9-6D0A-445D-85F7-D63A18D142CA}.Debug|Any CPU.Build.0 = Debug|Any CPU
		{F529CCA9-6D0A-445D-85F7-D63A18D142CA}.Release|Any CPU.ActiveCfg = Release|Any CPU
		{F529CCA9-6D0A-445D-85F7-D63A18D142CA}.Release|Any CPU.Build.0 = Release|Any CPU
		{A1A73817-A99B-4134-9958-72D00760B67A}.Debug|Any CPU.ActiveCfg = Debug|Any CPU
		{A1A73817-A99B-4134-9958-72D00760B67A}.Debug|Any CPU.Build.0 = Debug|Any CPU
		{A1A73817-A99B-4134-9958-72D00760B67A}.Release|Any CPU.ActiveCfg = Release|Any CPU
		{A1A73817-A99B-4134-9958-72D00760B67A}.Release|Any CPU.Build.0 = Release|Any CPU
	EndGlobalSection
	GlobalSection(SolutionProperties) = preSolution
		HideSolutionNode = FALSE
	EndGlobalSection
	GlobalSection(ExtensibilityGlobals) = postSolution
		SolutionGuid = {B95316DC-4F09-4626-98A0-1E91C37AA252}
	EndGlobalSection
EndGlobal
