
Microsoft Visual Studio Solution File, Format Version 12.00
# Visual Studio 15
VisualStudioVersion = 15.0.27703.2026
MinimumVisualStudioVersion = 10.0.40219.1
Project("{9A19103F-16F7-4668-BE54-9A1E7A4F7556}") = "Root", "Root\Root.csproj", "{407CB710-4BD2-4033-846C-0E6AF9985056}"
EndProject
Project("{FAE04EC0-301F-11D3-BF4B-00C04F79EFBC}") = "Root.Test", "Root.Test\Root.Test.csproj", "{F529CCA9-6D0A-445D-85F7-D63A18D142CA}"
EndProject
Project("{FAE04EC0-301F-11D3-BF4B-00C04F79EFBC}") = "Root.NUnitTests", "Root.NUnitTests\Root.NUnitTests.csproj", "{A1A73817-A99B-4134-9958-72D00760B67A}"
EndProject
Project("{FAE04EC0-301F-11D3-BF4B-00C04F79EFBC}") = "BiggerNumber", "BiggerNumber\BiggerNumber.csproj", "{BD2B6846-550D-4D87-8D4B-016D40AE0F27}"
EndProject
Project("{FAE04EC0-301F-11D3-BF4B-00C04F79EFBC}") = "BiggerNumber.Test", "BiggerNumber.Test\BiggerNumber.Test.csproj", "{761870BA-7F67-4AD3-BFD8-7F8D6C48FAB5}"
EndProject
Project("{FAE04EC0-301F-11D3-BF4B-00C04F79EFBC}") = "BiigerNumber.UT", "BiigerNumber.UT\BiigerNumber.UT.csproj", "{F4485C3C-4FD7-4162-AA45-69E45857F0D9}"
EndProject
Global
	GlobalSection(SolutionConfigurationPlatforms) = preSolution
		Debug|Any CPU = Debug|Any CPU
		Release|Any CPU = Release|Any CPU
	EndGlobalSection
	GlobalSection(ProjectConfigurationPlatforms) = postSolution
		{407CB710-4BD2-4033-846C-0E6AF9985056}.Debug|Any CPU.ActiveCfg = Debug|Any CPU
		{407CB710-4BD2-4033-846C-0E6AF9985056}.Debug|Any CPU.Build.0 = Debug|Any CPU
		{407CB710-4BD2-4033-846C-0E6AF9985056}.Release|Any CPU.ActiveCfg = Release|Any CPU
		{407CB710-4BD2-4033-846C-0E6AF9985056}.Release|Any CPU.Build.0 = Release|Any CPU
		{F529CCA9-6D0A-445D-85F7-D63A18D142CA}.Debug|Any CPU.ActiveCfg = Debug|Any CPU
		{F529CCA9-6D0A-445D-85F7-D63A18D142CA}.Debug|Any CPU.Build.0 = Debug|Any CPU
		{F529CCA9-6D0A-445D-85F7-D63A18D142CA}.Release|Any CPU.ActiveCfg = Release|Any CPU
		{F529CCA9-6D0A-445D-85F7-D63A18D142CA}.Release|Any CPU.Build.0 = Release|Any CPU
		{A1A73817-A99B-4134-9958-72D00760B67A}.Debug|Any CPU.ActiveCfg = Debug|Any CPU
		{A1A73817-A99B-4134-9958-72D00760B67A}.Debug|Any CPU.Build.0 = Debug|Any CPU
		{A1A73817-A99B-4134-9958-72D00760B67A}.Release|Any CPU.ActiveCfg = Release|Any CPU
		{A1A73817-A99B-4134-9958-72D00760B67A}.Release|Any CPU.Build.0 = Release|Any CPU
		{BD2B6846-550D-4D87-8D4B-016D40AE0F27}.Debug|Any CPU.ActiveCfg = Debug|Any CPU
		{BD2B6846-550D-4D87-8D4B-016D40AE0F27}.Debug|Any CPU.Build.0 = Debug|Any CPU
		{BD2B6846-550D-4D87-8D4B-016D40AE0F27}.Release|Any CPU.ActiveCfg = Release|Any CPU
		{BD2B6846-550D-4D87-8D4B-016D40AE0F27}.Release|Any CPU.Build.0 = Release|Any CPU
		{761870BA-7F67-4AD3-BFD8-7F8D6C48FAB5}.Debug|Any CPU.ActiveCfg = Debug|Any CPU
		{761870BA-7F67-4AD3-BFD8-7F8D6C48FAB5}.Debug|Any CPU.Build.0 = Debug|Any CPU
		{761870BA-7F67-4AD3-BFD8-7F8D6C48FAB5}.Release|Any CPU.ActiveCfg = Release|Any CPU
		{761870BA-7F67-4AD3-BFD8-7F8D6C48FAB5}.Release|Any CPU.Build.0 = Release|Any CPU
		{F4485C3C-4FD7-4162-AA45-69E45857F0D9}.Debug|Any CPU.ActiveCfg = Debug|Any CPU
		{F4485C3C-4FD7-4162-AA45-69E45857F0D9}.Debug|Any CPU.Build.0 = Debug|Any CPU
		{F4485C3C-4FD7-4162-AA45-69E45857F0D9}.Release|Any CPU.ActiveCfg = Release|Any CPU
		{F4485C3C-4FD7-4162-AA45-69E45857F0D9}.Release|Any CPU.Build.0 = Release|Any CPU
	EndGlobalSection
	GlobalSection(SolutionProperties) = preSolution
		HideSolutionNode = FALSE
	EndGlobalSection
	GlobalSection(ExtensibilityGlobals) = postSolution
		SolutionGuid = {B95316DC-4F09-4626-98A0-1E91C37AA252}
	EndGlobalSection
EndGlobal
