
Microsoft Visual Studio Solution File, Format Version 12.00
# Visual Studio 15
VisualStudioVersion = 15.0.27703.2026
MinimumVisualStudioVersion = 10.0.40219.1
Project("{FAE04EC0-301F-11D3-BF4B-00C04F79EFBC}") = "Transforming", "Transforming\Transforming.csproj", "{03B8B33D-D199-4B25-8875-F3FE487EB971}"
EndProject
Project("{FAE04EC0-301F-11D3-BF4B-00C04F79EFBC}") = "Transforming.Test", "Transforming.NUTest\Transforming.Test.csproj", "{4AB8BA1C-36A1-44A6-8935-0B250D2F622B}"
EndProject
Project("{FAE04EC0-301F-11D3-BF4B-00C04F79EFBC}") = "DoubleBitsToString", "DoubleBitsToString\DoubleBitsToString.csproj", "{03CB5158-090E-495E-A8CF-ACF0E906FB9B}"
EndProject
Project("{FAE04EC0-301F-11D3-BF4B-00C04F79EFBC}") = "DoubleBitsToString.Tests", "DoubleBitsToString.NUTests\DoubleBitsToString.Tests.csproj", "{7CC95ACC-9BF9-4659-A33B-B03DE8341437}"
EndProject
Project("{FAE04EC0-301F-11D3-BF4B-00C04F79EFBC}") = "FindingGCD", "FindingGCD\FindingGCD.csproj", "{678DA3D3-5081-4ABB-B698-858B20F2F160}"
EndProject
Project("{FAE04EC0-301F-11D3-BF4B-00C04F79EFBC}") = "FindingGCD.Tests", "FindingGCDTests\FindingGCD.Tests.csproj", "{1F74BF29-FC2C-4C96-BB94-AD2449731B9A}"
EndProject
Global
	GlobalSection(SolutionConfigurationPlatforms) = preSolution
		Debug|Any CPU = Debug|Any CPU
		Release|Any CPU = Release|Any CPU
	EndGlobalSection
	GlobalSection(ProjectConfigurationPlatforms) = postSolution
		{03B8B33D-D199-4B25-8875-F3FE487EB971}.Debug|Any CPU.ActiveCfg = Debug|Any CPU
		{03B8B33D-D199-4B25-8875-F3FE487EB971}.Debug|Any CPU.Build.0 = Debug|Any CPU
		{03B8B33D-D199-4B25-8875-F3FE487EB971}.Release|Any CPU.ActiveCfg = Release|Any CPU
		{03B8B33D-D199-4B25-8875-F3FE487EB971}.Release|Any CPU.Build.0 = Release|Any CPU
		{4AB8BA1C-36A1-44A6-8935-0B250D2F622B}.Debug|Any CPU.ActiveCfg = Debug|Any CPU
		{4AB8BA1C-36A1-44A6-8935-0B250D2F622B}.Debug|Any CPU.Build.0 = Debug|Any CPU
		{4AB8BA1C-36A1-44A6-8935-0B250D2F622B}.Release|Any CPU.ActiveCfg = Release|Any CPU
		{4AB8BA1C-36A1-44A6-8935-0B250D2F622B}.Release|Any CPU.Build.0 = Release|Any CPU
		{03CB5158-090E-495E-A8CF-ACF0E906FB9B}.Debug|Any CPU.ActiveCfg = Debug|Any CPU
		{03CB5158-090E-495E-A8CF-ACF0E906FB9B}.Debug|Any CPU.Build.0 = Debug|Any CPU
		{03CB5158-090E-495E-A8CF-ACF0E906FB9B}.Release|Any CPU.ActiveCfg = Release|Any CPU
		{03CB5158-090E-495E-A8CF-ACF0E906FB9B}.Release|Any CPU.Build.0 = Release|Any CPU
		{7CC95ACC-9BF9-4659-A33B-B03DE8341437}.Debug|Any CPU.ActiveCfg = Debug|Any CPU
		{7CC95ACC-9BF9-4659-A33B-B03DE8341437}.Debug|Any CPU.Build.0 = Debug|Any CPU
		{7CC95ACC-9BF9-4659-A33B-B03DE8341437}.Release|Any CPU.ActiveCfg = Release|Any CPU
		{7CC95ACC-9BF9-4659-A33B-B03DE8341437}.Release|Any CPU.Build.0 = Release|Any CPU
		{678DA3D3-5081-4ABB-B698-858B20F2F160}.Debug|Any CPU.ActiveCfg = Debug|Any CPU
		{678DA3D3-5081-4ABB-B698-858B20F2F160}.Debug|Any CPU.Build.0 = Debug|Any CPU
		{678DA3D3-5081-4ABB-B698-858B20F2F160}.Release|Any CPU.ActiveCfg = Release|Any CPU
		{678DA3D3-5081-4ABB-B698-858B20F2F160}.Release|Any CPU.Build.0 = Release|Any CPU
		{1F74BF29-FC2C-4C96-BB94-AD2449731B9A}.Debug|Any CPU.ActiveCfg = Debug|Any CPU
		{1F74BF29-FC2C-4C96-BB94-AD2449731B9A}.Debug|Any CPU.Build.0 = Debug|Any CPU
		{1F74BF29-FC2C-4C96-BB94-AD2449731B9A}.Release|Any CPU.ActiveCfg = Release|Any CPU
		{1F74BF29-FC2C-4C96-BB94-AD2449731B9A}.Release|Any CPU.Build.0 = Release|Any CPU
	EndGlobalSection
	GlobalSection(SolutionProperties) = preSolution
		HideSolutionNode = FALSE
	EndGlobalSection
	GlobalSection(ExtensibilityGlobals) = postSolution
		SolutionGuid = {54B0D4D0-7D2D-447F-AB1A-BBA04F39D5C3}
	EndGlobalSection
EndGlobal
