
Microsoft Visual Studio Solution File, Format Version 12.00
# Visual Studio 15
VisualStudioVersion = 15.0.27703.2026
MinimumVisualStudioVersion = 10.0.40219.1
Project("{FAE04EC0-301F-11D3-BF4B-00C04F79EFBC}") = "ParserURL", "ParserURL\ParserURL.csproj", "{6A2C227E-121B-441E-AD87-8A12210E6928}"
EndProject
Project("{FAE04EC0-301F-11D3-BF4B-00C04F79EFBC}") = "ParserURl.ConsoleTest", "ParserURl.ConsoleTest\ParserURl.ConsoleTest.csproj", "{5CB6EFC2-07D2-4A3D-95A1-809AD3E22ADD}"
EndProject
Global
	GlobalSection(SolutionConfigurationPlatforms) = preSolution
		Debug|Any CPU = Debug|Any CPU
		Release|Any CPU = Release|Any CPU
	EndGlobalSection
	GlobalSection(ProjectConfigurationPlatforms) = postSolution
		{6A2C227E-121B-441E-AD87-8A12210E6928}.Debug|Any CPU.ActiveCfg = Debug|Any CPU
		{6A2C227E-121B-441E-AD87-8A12210E6928}.Debug|Any CPU.Build.0 = Debug|Any CPU
		{6A2C227E-121B-441E-AD87-8A12210E6928}.Release|Any CPU.ActiveCfg = Release|Any CPU
		{6A2C227E-121B-441E-AD87-8A12210E6928}.Release|Any CPU.Build.0 = Release|Any CPU
		{5CB6EFC2-07D2-4A3D-95A1-809AD3E22ADD}.Debug|Any CPU.ActiveCfg = Debug|Any CPU
		{5CB6EFC2-07D2-4A3D-95A1-809AD3E22ADD}.Debug|Any CPU.Build.0 = Debug|Any CPU
		{5CB6EFC2-07D2-4A3D-95A1-809AD3E22ADD}.Release|Any CPU.ActiveCfg = Release|Any CPU
		{5CB6EFC2-07D2-4A3D-95A1-809AD3E22ADD}.Release|Any CPU.Build.0 = Release|Any CPU
	EndGlobalSection
	GlobalSection(SolutionProperties) = preSolution
		HideSolutionNode = FALSE
	EndGlobalSection
	GlobalSection(ExtensibilityGlobals) = postSolution
		SolutionGuid = {CCA2204F-FADF-4649-89AF-5611F69B9D1F}
	EndGlobalSection
EndGlobal
